github.com/shohinsherov/bank v0.0.0-20200921040421-2b49c2d767c2 h1:RhpHer5mezybvHyb03YHf5QfSYw2MC/UVOuUV1QXw2Q=
github.com/shohinsherov/bank v0.0.0-20200921040421-2b49c2d767c2/go.mod h1:q7ODnFj+dGwWKEHDkOOZANYlMu0Zs/Ur9WE9bTGZphY=
github.com/shohinsherov/bankk v0.0.0-20200924083446-accffb863aff h1:pdVW8SDmhg9BAoA5/IJsD22amNU/f83Pg6ONWZ28Ufk=
github.com/shohinsherov/bankk v0.0.0-20200924083446-accffb863aff/go.mod h1:NM4/Qr5bBkamZbmcbd1Mk/oWOWNuHVg7sj9a2pFre5s=
github.com/shohinsherov/bankk v0.0.0-20200924091850-d9d7cbd2fe9c h1:vCna4hslyyNVmzea0XcvHDnDS0nmmwb8sefXJbTp0Z0=
github.com/shohinsherov/bankk v0.0.0-20200924091850-d9d7cbd2fe9c/go.mod h1:NM4/Qr5bBkamZbmcbd1Mk/oWOWNuHVg7sj9a2pFre5s=
github.com/shohinsherov/bankk v0.0.0-20200924094132-c99b492c56f9 h1:Z3cDeI3tRpHczxrjWAoR8Uu83V+kMPXnM7FxUNySXaM=
github.com/shohinsherov/bankk v0.0.0-20200924094132-c99b492c56f9/go.mod h1:NM4/Qr5bBkamZbmcbd1Mk/oWOWNuHVg7sj9a2pFre5s=
